{
  "name": "ts-backbone-example",
  "version": "1.0.0",
  "lockfileVersion": 1,
  "requires": true,
  "dependencies": {
    "@types/backbone": {
      "version": "1.4.1",
      "resolved": "https://registry.npmjs.org/@types/backbone/-/backbone-1.4.1.tgz",
      "integrity": "sha512-KYfGuQy4d2vvYXbn0uHFZ6brFLndatTMomxBlljpbWf4kFpA3BG/6LA3ec+J9iredrX6eAVI7sm9SVAvwiIM6g==",
      "requires": {
        "@types/jquery": "*",
        "@types/underscore": "*"
      }
    },
    "@types/jquery": {
      "version": "3.3.31",
      "resolved": "https://registry.npmjs.org/@types/jquery/-/jquery-3.3.31.tgz",
      "integrity": "sha512-Lz4BAJihoFw5nRzKvg4nawXPzutkv7wmfQ5121avptaSIXlDNJCUuxZxX/G+9EVidZGuO0UBlk+YjKbwRKJigg==",
      "requires": {
        "@types/sizzle": "*"
      }
    },
    "@types/sizzle": {
      "version": "2.3.2",
      "resolved": "https://registry.npmjs.org/@types/sizzle/-/sizzle-2.3.2.tgz",
      "integrity": "sha512-7EJYyKTL7tFR8+gDbB6Wwz/arpGa0Mywk1TJbNzKzHtzbwVmY4HR9WqS5VV7dsBUKQmPNr192jHr/VpBluj/hg=="
    },
    "@types/underscore": {
      "version": "1.9.2",
      "resolved": "https://registry.npmjs.org/@types/underscore/-/underscore-1.9.2.tgz",
      "integrity": "sha512-KgOKTAD+9X+qvZnB5S1+onqKc4E+PZ+T6CM/NA5ohRPLHJXb+yCJMVf8pWOnvuBuKFNUAJW8N97IA6lba6mZGg=="
    },
    "backbone": {
      "version": "1.4.0",
      "resolved": "https://registry.npmjs.org/backbone/-/backbone-1.4.0.tgz",
      "integrity": "sha512-RLmDrRXkVdouTg38jcgHhyQ/2zjg7a8E6sz2zxfz21Hh17xDJYUHBZimVIt5fUyS8vbfpeSmTL3gUjTEvUV3qQ==",
      "requires": {
        "underscore": ">=1.8.3"
      }
    },
    "bootstrap": {
      "version": "4.3.1",
      "resolved": "https://registry.npmjs.org/bootstrap/-/bootstrap-4.3.1.tgz",
      "integrity": "sha512-rXqOmH1VilAt2DyPzluTi2blhk17bO7ef+zLLPlWvG494pDxcM234pJ8wTc/6R40UWizAIIMgxjvxZg5kmsbag=="
    },
    "jbone": {
      "version": "1.2.1",
      "resolved": "https://registry.npmjs.org/jbone/-/jbone-1.2.1.tgz",
      "integrity": "sha512-2JYeDTlk50bvhdtSRJwbervD2G1daZ3CkvEHSte62Y6B+0VMIps/TyL8DN58R3x1yWLSVYtCR0a9tvkA9NT3ow=="
    },
    "jquery": {
      "version": "3.5.0",
      "resolved": "https://registry.npmjs.org/jquery/-/jquery-3.5.0.tgz",
      "integrity": "sha512-Xb7SVYMvygPxbFMpTFQiHh1J7HClEaThguL15N/Gg37Lri/qKyhRGZYzHRyLH8Stq3Aow0LsHO2O2ci86fCrNQ=="
    },
    "underscore": {
      "version": "1.9.1",
      "resolved": "https://registry.npmjs.org/underscore/-/underscore-1.9.1.tgz",
      "integrity": "sha512-5/4etnCkd9c8gwgowi5/om/mYO5ajCaOgdzj/oW+0eQV9WxKBDZw5+ycmKmeaTXjInS/W0BzpGLo2xR2aBwZdg=="
    }
  }
}
